// !$*UTF8*$!
{
	archiveVersion = 1;
	classes = {
	};
	objectVersion = 56;
	objects = {

/* Begin PBXBuildFile section */
		13FAA3002CC8FBE600C85E6D /* APIRequest.swift in Sources */ = {isa = PBXBuildFile; fileRef = 13FAA2F12CC8FBE600C85E6D /* APIRequest.swift */; };
		13FAA3012CC8FBE600C85E6D /* APIClient.swift in Sources */ = {isa = PBXBuildFile; fileRef = 13FAA2EF2CC8FBE600C85E6D /* APIClient.swift */; };
		13FAA3042CC8FBE600C85E6D /* APIError.swift in Sources */ = {isa = PBXBuildFile; fileRef = 13FAA2FB2CC8FBE600C85E6D /* APIError.swift */; };
		13FAA3062CC8FBE600C85E6D /* MarvelHeroesService.swift in Sources */ = {isa = PBXBuildFile; fileRef = 13FAA2F32CC8FBE600C85E6D /* MarvelHeroesService.swift */; };
		543A85AD2CC6CEBB009260CF /* Sample.json in Resources */ = {isa = PBXBuildFile; fileRef = 543A85AC2CC6CEBB009260CF /* Sample.json */; };
		546126FC2CC29E14006A4BA9 /* MarvelCharacter.swift in Sources */ = {isa = PBXBuildFile; fileRef = 546126F52CC29E14006A4BA9 /* MarvelCharacter.swift */; };
		546126FE2CC29E14006A4BA9 /* MarvelCharacterThumbnail.swift in Sources */ = {isa = PBXBuildFile; fileRef = 546126F72CC29E14006A4BA9 /* MarvelCharacterThumbnail.swift */; };
		549B0B4B2CC1596D00B75832 /* Assets.xcassets in Resources */ = {isa = PBXBuildFile; fileRef = 549B0B4A2CC1596D00B75832 /* Assets.xcassets */; };
		549B0B4E2CC1596D00B75832 /* Preview Assets.xcassets in Resources */ = {isa = PBXBuildFile; fileRef = 549B0B4D2CC1596D00B75832 /* Preview Assets.xcassets */; };
		549B0B682CC159D400B75832 /* MarvelCharacterView.swift in Sources */ = {isa = PBXBuildFile; fileRef = 549B0B542CC159D400B75832 /* MarvelCharacterView.swift */; };
		549B0B6C2CC159D400B75832 /* MarvelHeroesView.swift in Sources */ = {isa = PBXBuildFile; fileRef = 549B0B5A2CC159D400B75832 /* MarvelHeroesView.swift */; };
		549B0B6D2CC159D400B75832 /* MarvelHeroesViewModel.swift in Sources */ = {isa = PBXBuildFile; fileRef = 549B0B5B2CC159D400B75832 /* MarvelHeroesViewModel.swift */; };
		549B0B722CC159D400B75832 /* App.swift in Sources */ = {isa = PBXBuildFile; fileRef = 549B0B652CC159D400B75832 /* App.swift */; };
		549B0BC42CC283D500B75832 /* Dependencies in Frameworks */ = {isa = PBXBuildFile; productRef = 549B0BC32CC283D500B75832 /* Dependencies */; };
		549B0BC62CC283D500B75832 /* DependenciesMacros in Frameworks */ = {isa = PBXBuildFile; productRef = 549B0BC52CC283D500B75832 /* DependenciesMacros */; };
/* End PBXBuildFile section */

/* Begin PBXFileReference section */
		13FAA2EF2CC8FBE600C85E6D /* APIClient.swift */ = {isa = PBXFileReference; lastKnownFileType = sourcecode.swift; path = APIClient.swift; sourceTree = "<group>"; };
		13FAA2F12CC8FBE600C85E6D /* APIRequest.swift */ = {isa = PBXFileReference; lastKnownFileType = sourcecode.swift; path = APIRequest.swift; sourceTree = "<group>"; };
		13FAA2F32CC8FBE600C85E6D /* MarvelHeroesService.swift */ = {isa = PBXFileReference; lastKnownFileType = sourcecode.swift; path = MarvelHeroesService.swift; sourceTree = "<group>"; };
		13FAA2FB2CC8FBE600C85E6D /* APIError.swift */ = {isa = PBXFileReference; lastKnownFileType = sourcecode.swift; path = APIError.swift; sourceTree = "<group>"; };
		543A85AC2CC6CEBB009260CF /* Sample.json */ = {isa = PBXFileReference; fileEncoding = 4; lastKnownFileType = text.json; path = Sample.json; sourceTree = "<group>"; };
		546126F52CC29E14006A4BA9 /* MarvelCharacter.swift */ = {isa = PBXFileReference; fileEncoding = 4; lastKnownFileType = sourcecode.swift; path = MarvelCharacter.swift; sourceTree = "<group>"; };
		546126F72CC29E14006A4BA9 /* MarvelCharacterThumbnail.swift */ = {isa = PBXFileReference; fileEncoding = 4; lastKnownFileType = sourcecode.swift; path = MarvelCharacterThumbnail.swift; sourceTree = "<group>"; };
		549B0B432CC1596C00B75832 /* CodeTest.app */ = {isa = PBXFileReference; explicitFileType = wrapper.application; includeInIndex = 0; path = CodeTest.app; sourceTree = BUILT_PRODUCTS_DIR; };
		549B0B4A2CC1596D00B75832 /* Assets.xcassets */ = {isa = PBXFileReference; lastKnownFileType = folder.assetcatalog; path = Assets.xcassets; sourceTree = "<group>"; };
		549B0B4D2CC1596D00B75832 /* Preview Assets.xcassets */ = {isa = PBXFileReference; lastKnownFileType = folder.assetcatalog; path = "Preview Assets.xcassets"; sourceTree = "<group>"; };
		549B0B542CC159D400B75832 /* MarvelCharacterView.swift */ = {isa = PBXFileReference; fileEncoding = 4; lastKnownFileType = sourcecode.swift; path = MarvelCharacterView.swift; sourceTree = "<group>"; };
		549B0B5A2CC159D400B75832 /* MarvelHeroesView.swift */ = {isa = PBXFileReference; fileEncoding = 4; lastKnownFileType = sourcecode.swift; path = MarvelHeroesView.swift; sourceTree = "<group>"; };
		549B0B5B2CC159D400B75832 /* MarvelHeroesViewModel.swift */ = {isa = PBXFileReference; fileEncoding = 4; lastKnownFileType = sourcecode.swift; path = MarvelHeroesViewModel.swift; sourceTree = "<group>"; };
		549B0B652CC159D400B75832 /* App.swift */ = {isa = PBXFileReference; fileEncoding = 4; lastKnownFileType = sourcecode.swift; path = App.swift; sourceTree = "<group>"; };
		54A016C82CC2C10400278EE7 /* Info.plist */ = {isa = PBXFileReference; lastKnownFileType = text.plist.xml; path = Info.plist; sourceTree = "<group>"; };
/* End PBXFileReference section */

/* Begin PBXFrameworksBuildPhase section */
		549B0B402CC1596C00B75832 /* Frameworks */ = {
			isa = PBXFrameworksBuildPhase;
			buildActionMask = 2147483647;
			files = (
				549B0BC42CC283D500B75832 /* Dependencies in Frameworks */,
				549B0BC62CC283D500B75832 /* DependenciesMacros in Frameworks */,
			);
			runOnlyForDeploymentPostprocessing = 0;
		};
/* End PBXFrameworksBuildPhase section */

/* Begin PBXGroup section */
		13FAA2F22CC8FBE600C85E6D /* APIClient */ = {
			isa = PBXGroup;
			children = (
				13FAA2EF2CC8FBE600C85E6D /* APIClient.swift */,
				13FAA2F12CC8FBE600C85E6D /* APIRequest.swift */,
			);
			path = APIClient;
			sourceTree = "<group>";
		};
		13FAA2F62CC8FBE600C85E6D /* MarvelHeroesService */ = {
			isa = PBXGroup;
			children = (
				13FAA2F32CC8FBE600C85E6D /* MarvelHeroesService.swift */,
			);
			path = MarvelHeroesService;
			sourceTree = "<group>";
		};
		13FAA2FC2CC8FBE600C85E6D /* Dependencies */ = {
			isa = PBXGroup;
			children = (
				13FAA2F22CC8FBE600C85E6D /* APIClient */,
				13FAA2F62CC8FBE600C85E6D /* MarvelHeroesService */,
				13FAA2FB2CC8FBE600C85E6D /* APIError.swift */,
			);
			path = Dependencies;
			sourceTree = "<group>";
		};
		546126F82CC29E14006A4BA9 /* Heroes */ = {
			isa = PBXGroup;
			children = (
				546126F52CC29E14006A4BA9 /* MarvelCharacter.swift */,
				546126F72CC29E14006A4BA9 /* MarvelCharacterThumbnail.swift */,
			);
			path = Heroes;
			sourceTree = "<group>";
		};
		546126FB2CC29E14006A4BA9 /* Models */ = {
			isa = PBXGroup;
			children = (
				546126F82CC29E14006A4BA9 /* Heroes */,
			);
			path = Models;
			sourceTree = "<group>";
		};
		546127262CC2AE8B006A4BA9 /* Code */ = {
			isa = PBXGroup;
			children = (
				13FAA2FC2CC8FBE600C85E6D /* Dependencies */,
				549B0B672CC159D400B75832 /* Application */,
				546126FB2CC29E14006A4BA9 /* Models */,
				549B0B612CC159D400B75832 /* UI */,
				549B0B4C2CC1596D00B75832 /* Preview Content */,
			);
			path = Code;
			sourceTree = "<group>";
		};
		546127272CC2AE98006A4BA9 /* Resources */ = {
			isa = PBXGroup;
			children = (
				54A016C82CC2C10400278EE7 /* Info.plist */,
				549B0B4A2CC1596D00B75832 /* Assets.xcassets */,
				543A85AC2CC6CEBB009260CF /* Sample.json */,
			);
			path = Resources;
			sourceTree = "<group>";
		};
		549B0B3A2CC1596C00B75832 = {
			isa = PBXGroup;
			children = (
				549B0B452CC1596C00B75832 /* CodeTest */,
				549B0B442CC1596C00B75832 /* Products */,
			);
			sourceTree = "<group>";
		};
		549B0B442CC1596C00B75832 /* Products */ = {
			isa = PBXGroup;
			children = (
				549B0B432CC1596C00B75832 /* CodeTest.app */,
			);
			name = Products;
			sourceTree = "<group>";
		};
		549B0B452CC1596C00B75832 /* CodeTest */ = {
			isa = PBXGroup;
			children = (
				546127272CC2AE98006A4BA9 /* Resources */,
				546127262CC2AE8B006A4BA9 /* Code */,
			);
			path = CodeTest;
			sourceTree = "<group>";
		};
		549B0B4C2CC1596D00B75832 /* Preview Content */ = {
			isa = PBXGroup;
			children = (
				549B0B4D2CC1596D00B75832 /* Preview Assets.xcassets */,
			);
			path = "Preview Content";
			sourceTree = "<group>";
		};
		549B0B552CC159D400B75832 /* Common */ = {
			isa = PBXGroup;
			children = (
				549B0B542CC159D400B75832 /* MarvelCharacterView.swift */,
			);
			path = Common;
			sourceTree = "<group>";
		};
		549B0B5C2CC159D400B75832 /* Heroes */ = {
			isa = PBXGroup;
			children = (
				549B0B5A2CC159D400B75832 /* MarvelHeroesView.swift */,
				549B0B5B2CC159D400B75832 /* MarvelHeroesViewModel.swift */,
			);
			path = Heroes;
			sourceTree = "<group>";
		};
		549B0B602CC159D400B75832 /* Main */ = {
			isa = PBXGroup;
			children = (
				549B0B5C2CC159D400B75832 /* Heroes */,
			);
			path = Main;
			sourceTree = "<group>";
		};
		549B0B612CC159D400B75832 /* UI */ = {
			isa = PBXGroup;
			children = (
				549B0B552CC159D400B75832 /* Common */,
				549B0B602CC159D400B75832 /* Main */,
			);
			path = UI;
			sourceTree = "<group>";
		};
		549B0B672CC159D400B75832 /* Application */ = {
			isa = PBXGroup;
			children = (
				549B0B652CC159D400B75832 /* App.swift */,
			);
			path = Application;
			sourceTree = "<group>";
		};
/* End PBXGroup section */

/* Begin PBXNativeTarget section */
		549B0B422CC1596C00B75832 /* CodeTest */ = {
			isa = PBXNativeTarget;
			buildConfigurationList = 549B0B512CC1596D00B75832 /* Build configuration list for PBXNativeTarget "CodeTest" */;
			buildPhases = (
				549B0B3F2CC1596C00B75832 /* Sources */,
				549B0B402CC1596C00B75832 /* Frameworks */,
				549B0B412CC1596C00B75832 /* Resources */,
			);
			buildRules = (
			);
			dependencies = (
			);
			name = CodeTest;
			packageProductDependencies = (
				549B0BC32CC283D500B75832 /* Dependencies */,
				549B0BC52CC283D500B75832 /* DependenciesMacros */,
			);
			productName = CodeTest;
			productReference = 549B0B432CC1596C00B75832 /* CodeTest.app */;
			productType = "com.apple.product-type.application";
		};
/* End PBXNativeTarget section */

/* Begin PBXProject section */
		549B0B3B2CC1596C00B75832 /* Project object */ = {
			isa = PBXProject;
			attributes = {
				BuildIndependentTargetsInParallel = 1;
				LastSwiftUpdateCheck = 1540;
				LastUpgradeCheck = 1540;
				TargetAttributes = {
					549B0B422CC1596C00B75832 = {
						CreatedOnToolsVersion = 15.4;
					};
				};
			};
			buildConfigurationList = 549B0B3E2CC1596C00B75832 /* Build configuration list for PBXProject "CodeTest" */;
			compatibilityVersion = "Xcode 14.0";
			developmentRegion = en;
			hasScannedForEncodings = 0;
			knownRegions = (
				en,
				Base,
			);
			mainGroup = 549B0B3A2CC1596C00B75832;
			packageReferences = (
				549B0BC22CC2836800B75832 /* XCRemoteSwiftPackageReference "swift-dependencies" */,
			);
			productRefGroup = 549B0B442CC1596C00B75832 /* Products */;
			projectDirPath = "";
			projectRoot = "";
			targets = (
				549B0B422CC1596C00B75832 /* CodeTest */,
			);
		};
/* End PBXProject section */

/* Begin PBXResourcesBuildPhase section */
		549B0B412CC1596C00B75832 /* Resources */ = {
			isa = PBXResourcesBuildPhase;
			buildActionMask = 2147483647;
			files = (
				549B0B4E2CC1596D00B75832 /* Preview Assets.xcassets in Resources */,
				549B0B4B2CC1596D00B75832 /* Assets.xcassets in Resources */,
				543A85AD2CC6CEBB009260CF /* Sample.json in Resources */,
			);
			runOnlyForDeploymentPostprocessing = 0;
		};
/* End PBXResourcesBuildPhase section */

/* Begin PBXSourcesBuildPhase section */
		549B0B3F2CC1596C00B75832 /* Sources */ = {
			isa = PBXSourcesBuildPhase;
			buildActionMask = 2147483647;
			files = (
				549B0B722CC159D400B75832 /* App.swift in Sources */,
				549B0B6C2CC159D400B75832 /* MarvelHeroesView.swift in Sources */,
				546126FC2CC29E14006A4BA9 /* MarvelCharacter.swift in Sources */,
				549B0B682CC159D400B75832 /* MarvelCharacterView.swift in Sources */,
				549B0B6D2CC159D400B75832 /* MarvelHeroesViewModel.swift in Sources */,
				13FAA3002CC8FBE600C85E6D /* APIRequest.swift in Sources */,
				13FAA3012CC8FBE600C85E6D /* APIClient.swift in Sources */,
				13FAA3042CC8FBE600C85E6D /* APIError.swift in Sources */,
				13FAA3062CC8FBE600C85E6D /* MarvelHeroesService.swift in Sources */,
				546126FE2CC29E14006A4BA9 /* MarvelCharacterThumbnail.swift in Sources */,
			);
			runOnlyForDeploymentPostprocessing = 0;
		};
/* End PBXSourcesBuildPhase section */

/* Begin XCBuildConfiguration section */
		549B0B4F2CC1596D00B75832 /* Debug */ = {
			isa = XCBuildConfiguration;
			buildSettings = {
				ALWAYS_SEARCH_USER_PATHS = NO;
				ASSETCATALOG_COMPILER_GENERATE_SWIFT_ASSET_SYMBOL_EXTENSIONS = YES;
				CLANG_ANALYZER_NONNULL = YES;
				CLANG_ANALYZER_NUMBER_OBJECT_CONVERSION = YES_AGGRESSIVE;
				CLANG_CXX_LANGUAGE_STANDARD = "gnu++20";
				CLANG_ENABLE_MODULES = YES;
				CLANG_ENABLE_OBJC_ARC = YES;
				CLANG_ENABLE_OBJC_WEAK = YES;
				CLANG_WARN_BLOCK_CAPTURE_AUTORELEASING = YES;
				CLANG_WARN_BOOL_CONVERSION = YES;
				CLANG_WARN_COMMA = YES;
				CLANG_WARN_CONSTANT_CONVERSION = YES;
				CLANG_WARN_DEPRECATED_OBJC_IMPLEMENTATIONS = YES;
				CLANG_WARN_DIRECT_OBJC_ISA_USAGE = YES_ERROR;
				CLANG_WARN_DOCUMENTATION_COMMENTS = YES;
				CLANG_WARN_EMPTY_BODY = YES;
				CLANG_WARN_ENUM_CONVERSION = YES;
				CLANG_WARN_INFINITE_RECURSION = YES;
				CLANG_WARN_INT_CONVERSION = YES;
				CLANG_WARN_NON_LITERAL_NULL_CONVERSION = YES;
				CLANG_WARN_OBJC_IMPLICIT_RETAIN_SELF = YES;
				CLANG_WARN_OBJC_LITERAL_CONVERSION = YES;
				CLANG_WARN_OBJC_ROOT_CLASS = YES_ERROR;
				CLANG_WARN_QUOTED_INCLUDE_IN_FRAMEWORK_HEADER = YES;
				CLANG_WARN_RANGE_LOOP_ANALYSIS = YES;
				CLANG_WARN_STRICT_PROTOTYPES = YES;
				CLANG_WARN_SUSPICIOUS_MOVE = YES;
				CLANG_WARN_UNGUARDED_AVAILABILITY = YES_AGGRESSIVE;
				CLANG_WARN_UNREACHABLE_CODE = YES;
				CLANG_WARN__DUPLICATE_METHOD_MATCH = YES;
				COPY_PHASE_STRIP = NO;
				DEBUG_INFORMATION_FORMAT = dwarf;
				ENABLE_STRICT_OBJC_MSGSEND = YES;
				ENABLE_TESTABILITY = YES;
				ENABLE_USER_SCRIPT_SANDBOXING = YES;
				GCC_C_LANGUAGE_STANDARD = gnu17;
				GCC_DYNAMIC_NO_PIC = NO;
				GCC_NO_COMMON_BLOCKS = YES;
				GCC_OPTIMIZATION_LEVEL = 0;
				GCC_PREPROCESSOR_DEFINITIONS = (
					"DEBUG=1",
					"$(inherited)",
				);
				GCC_WARN_64_TO_32_BIT_CONVERSION = YES;
				GCC_WARN_ABOUT_RETURN_TYPE = YES_ERROR;
				GCC_WARN_UNDECLARED_SELECTOR = YES;
				GCC_WARN_UNINITIALIZED_AUTOS = YES_AGGRESSIVE;
				GCC_WARN_UNUSED_FUNCTION = YES;
				GCC_WARN_UNUSED_VARIABLE = YES;
				IPHONEOS_DEPLOYMENT_TARGET = 17.5;
				LOCALIZATION_PREFERS_STRING_CATALOGS = YES;
				MTL_ENABLE_DEBUG_INFO = INCLUDE_SOURCE;
				MTL_FAST_MATH = YES;
				ONLY_ACTIVE_ARCH = YES;
				SDKROOT = iphoneos;
				SWIFT_ACTIVE_COMPILATION_CONDITIONS = "DEBUG $(inherited)";
				SWIFT_OPTIMIZATION_LEVEL = "-Onone";
			};
			name = Debug;
		};
		549B0B502CC1596D00B75832 /* Release */ = {
			isa = XCBuildConfiguration;
			buildSettings = {
				ALWAYS_SEARCH_USER_PATHS = NO;
				ASSETCATALOG_COMPILER_GENERATE_SWIFT_ASSET_SYMBOL_EXTENSIONS = YES;
				CLANG_ANALYZER_NONNULL = YES;
				CLANG_ANALYZER_NUMBER_OBJECT_CONVERSION = YES_AGGRESSIVE;
				CLANG_CXX_LANGUAGE_STANDARD = "gnu++20";
				CLANG_ENABLE_MODULES = YES;
				CLANG_ENABLE_OBJC_ARC = YES;
				CLANG_ENABLE_OBJC_WEAK = YES;
				CLANG_WARN_BLOCK_CAPTURE_AUTORELEASING = YES;
				CLANG_WARN_BOOL_CONVERSION = YES;
				CLANG_WARN_COMMA = YES;
				CLANG_WARN_CONSTANT_CONVERSION = YES;
				CLANG_WARN_DEPRECATED_OBJC_IMPLEMENTATIONS = YES;
				CLANG_WARN_DIRECT_OBJC_ISA_USAGE = YES_ERROR;
				CLANG_WARN_DOCUMENTATION_COMMENTS = YES;
				CLANG_WARN_EMPTY_BODY = YES;
				CLANG_WARN_ENUM_CONVERSION = YES;
				CLANG_WARN_INFINITE_RECURSION = YES;
				CLANG_WARN_INT_CONVERSION = YES;
				CLANG_WARN_NON_LITERAL_NULL_CONVERSION = YES;
				CLANG_WARN_OBJC_IMPLICIT_RETAIN_SELF = YES;
				CLANG_WARN_OBJC_LITERAL_CONVERSION = YES;
				CLANG_WARN_OBJC_ROOT_CLASS = YES_ERROR;
				CLANG_WARN_QUOTED_INCLUDE_IN_FRAMEWORK_HEADER = YES;
				CLANG_WARN_RANGE_LOOP_ANALYSIS = YES;
				CLANG_WARN_STRICT_PROTOTYPES = YES;
				CLANG_WARN_SUSPICIOUS_MOVE = YES;
				CLANG_WARN_UNGUARDED_AVAILABILITY = YES_AGGRESSIVE;
				CLANG_WARN_UNREACHABLE_CODE = YES;
				CLANG_WARN__DUPLICATE_METHOD_MATCH = YES;
				COPY_PHASE_STRIP = NO;
				DEBUG_INFORMATION_FORMAT = "dwarf-with-dsym";
				ENABLE_NS_ASSERTIONS = NO;
				ENABLE_STRICT_OBJC_MSGSEND = YES;
				ENABLE_USER_SCRIPT_SANDBOXING = YES;
				GCC_C_LANGUAGE_STANDARD = gnu17;
				GCC_NO_COMMON_BLOCKS = YES;
				GCC_WARN_64_TO_32_BIT_CONVERSION = YES;
				GCC_WARN_ABOUT_RETURN_TYPE = YES_ERROR;
				GCC_WARN_UNDECLARED_SELECTOR = YES;
				GCC_WARN_UNINITIALIZED_AUTOS = YES_AGGRESSIVE;
				GCC_WARN_UNUSED_FUNCTION = YES;
				GCC_WARN_UNUSED_VARIABLE = YES;
				IPHONEOS_DEPLOYMENT_TARGET = 17.5;
				LOCALIZATION_PREFERS_STRING_CATALOGS = YES;
				MTL_ENABLE_DEBUG_INFO = NO;
				MTL_FAST_MATH = YES;
				SDKROOT = iphoneos;
				SWIFT_COMPILATION_MODE = wholemodule;
				VALIDATE_PRODUCT = YES;
			};
			name = Release;
		};
		549B0B522CC1596D00B75832 /* Debug */ = {
			isa = XCBuildConfiguration;
			buildSettings = {
				ASSETCATALOG_COMPILER_APPICON_NAME = AppIcon;
				ASSETCATALOG_COMPILER_GLOBAL_ACCENT_COLOR_NAME = AccentColor;
				CODE_SIGN_STYLE = Automatic;
				CURRENT_PROJECT_VERSION = 1;
				DEVELOPMENT_ASSET_PATHS = "\"CodeTest/Code/Preview Content\"";
				DEVELOPMENT_TEAM = 2GVJ6JS822;
				ENABLE_PREVIEWS = YES;
				ENABLE_TESTING_SEARCH_PATHS = YES;
				GENERATE_INFOPLIST_FILE = YES;
				INFOPLIST_FILE = CodeTest/Resources/Info.plist;
				INFOPLIST_KEY_UIApplicationSceneManifest_Generation = YES;
				INFOPLIST_KEY_UIApplicationSupportsIndirectInputEvents = YES;
				INFOPLIST_KEY_UILaunchScreen_Generation = YES;
				INFOPLIST_KEY_UISupportedInterfaceOrientations_iPad = "UIInterfaceOrientationPortrait UIInterfaceOrientationPortraitUpsideDown UIInterfaceOrientationLandscapeLeft UIInterfaceOrientationLandscapeRight";
				INFOPLIST_KEY_UISupportedInterfaceOrientations_iPhone = "UIInterfaceOrientationPortrait UIInterfaceOrientationLandscapeLeft UIInterfaceOrientationLandscapeRight";
				LD_RUNPATH_SEARCH_PATHS = (
					"$(inherited)",
					"@executable_path/Frameworks",
				);
				MARKETING_VERSION = 1.0;
				PRODUCT_BUNDLE_IDENTIFIER = com.fueled.codetest;
				PRODUCT_NAME = "$(TARGET_NAME)";
				SWIFT_EMIT_LOC_STRINGS = YES;
				SWIFT_VERSION = 5.0;
				TARGETED_DEVICE_FAMILY = "1,2";
			};
			name = Debug;
		};
		549B0B532CC1596D00B75832 /* Release */ = {
			isa = XCBuildConfiguration;
			buildSettings = {
				ASSETCATALOG_COMPILER_APPICON_NAME = AppIcon;
				ASSETCATALOG_COMPILER_GLOBAL_ACCENT_COLOR_NAME = AccentColor;
				CODE_SIGN_STYLE = Automatic;
				CURRENT_PROJECT_VERSION = 1;
				DEVELOPMENT_ASSET_PATHS = "\"CodeTest/Code/Preview Content\"";
				DEVELOPMENT_TEAM = 2GVJ6JS822;
				ENABLE_PREVIEWS = YES;
				ENABLE_TESTING_SEARCH_PATHS = YES;
				GENERATE_INFOPLIST_FILE = YES;
				INFOPLIST_FILE = CodeTest/Resources/Info.plist;
				INFOPLIST_KEY_UIApplicationSceneManifest_Generation = YES;
				INFOPLIST_KEY_UIApplicationSupportsIndirectInputEvents = YES;
				INFOPLIST_KEY_UILaunchScreen_Generation = YES;
				INFOPLIST_KEY_UISupportedInterfaceOrientations_iPad = "UIInterfaceOrientationPortrait UIInterfaceOrientationPortraitUpsideDown UIInterfaceOrientationLandscapeLeft UIInterfaceOrientationLandscapeRight";
				INFOPLIST_KEY_UISupportedInterfaceOrientations_iPhone = "UIInterfaceOrientationPortrait UIInterfaceOrientationLandscapeLeft UIInterfaceOrientationLandscapeRight";
				LD_RUNPATH_SEARCH_PATHS = (
					"$(inherited)",
					"@executable_path/Frameworks",
				);
				MARKETING_VERSION = 1.0;
				PRODUCT_BUNDLE_IDENTIFIER = com.fueled.codetest;
				PRODUCT_NAME = "$(TARGET_NAME)";
				SWIFT_EMIT_LOC_STRINGS = YES;
				SWIFT_VERSION = 5.0;
				TARGETED_DEVICE_FAMILY = "1,2";
			};
			name = Release;
		};
/* End XCBuildConfiguration section */

/* Begin XCConfigurationList section */
		549B0B3E2CC1596C00B75832 /* Build configuration list for PBXProject "CodeTest" */ = {
			isa = XCConfigurationList;
			buildConfigurations = (
				549B0B4F2CC1596D00B75832 /* Debug */,
				549B0B502CC1596D00B75832 /* Release */,
			);
			defaultConfigurationIsVisible = 0;
			defaultConfigurationName = Release;
		};
		549B0B512CC1596D00B75832 /* Build configuration list for PBXNativeTarget "CodeTest" */ = {
			isa = XCConfigurationList;
			buildConfigurations = (
				549B0B522CC1596D00B75832 /* Debug */,
				549B0B532CC1596D00B75832 /* Release */,
			);
			defaultConfigurationIsVisible = 0;
			defaultConfigurationName = Release;
		};
/* End XCConfigurationList section */

/* Begin XCRemoteSwiftPackageReference section */
		549B0BC22CC2836800B75832 /* XCRemoteSwiftPackageReference "swift-dependencies" */ = {
			isa = XCRemoteSwiftPackageReference;
			repositoryURL = "https://github.com/pointfreeco/swift-dependencies.git";
			requirement = {
				kind = upToNextMajorVersion;
				minimumVersion = 1.0.0;
			};
		};
/* End XCRemoteSwiftPackageReference section */

/* Begin XCSwiftPackageProductDependency section */
		549B0BC32CC283D500B75832 /* Dependencies */ = {
			isa = XCSwiftPackageProductDependency;
			package = 549B0BC22CC2836800B75832 /* XCRemoteSwiftPackageReference "swift-dependencies" */;
			productName = Dependencies;
		};
		549B0BC52CC283D500B75832 /* DependenciesMacros */ = {
			isa = XCSwiftPackageProductDependency;
			package = 549B0BC22CC2836800B75832 /* XCRemoteSwiftPackageReference "swift-dependencies" */;
			productName = DependenciesMacros;
		};
/* End XCSwiftPackageProductDependency section */
	};
	rootObject = 549B0B3B2CC1596C00B75832 /* Project object */;
}
